
Microsoft Visual Studio Solution File, Format Version 12.00
# Visual Studio 14
VisualStudioVersion = 14.0.24720.0
MinimumVisualStudioVersion = 10.0.40219.1
Project("{FAE04EC0-301F-11D3-BF4B-00C04F79EFBC}") = "mmk.keyboard", "mmk.keyboard.csproj", "{B6DEC443-CB6E-4B73-A9F0-6ACA252687BA}"
EndProject
Project("{2150E333-8FDC-42A3-9474-1A3956D46DE8}") = "Documentation", "Documentation", "{C11C21CE-BF82-47E6-A2BC-E6A41F2F414D}"
	ProjectSection(SolutionItems) = preProject
		LICENSE.txt = LICENSE.txt
		Readme.md = Readme.md
	EndProjectSection
EndProject
Project("{2150E333-8FDC-42A3-9474-1A3956D46DE8}") = "Configuration", "Configuration", "{D7CB29E8-D024-4574-B338-C734178C8F6C}"
	ProjectSection(SolutionItems) = preProject
		.gitignore = .gitignore
		mmk.keyboard.nuspec = mmk.keyboard.nuspec
	EndProjectSection
EndProject
Global
	GlobalSection(SolutionConfigurationPlatforms) = preSolution
		Debug|Any CPU = Debug|Any CPU
		Release|Any CPU = Release|Any CPU
	EndGlobalSection
	GlobalSection(ProjectConfigurationPlatforms) = postSolution
		{B6DEC443-CB6E-4B73-A9F0-6ACA252687BA}.Debug|Any CPU.ActiveCfg = Debug|Any CPU
		{B6DEC443-CB6E-4B73-A9F0-6ACA252687BA}.Debug|Any CPU.Build.0 = Debug|Any CPU
		{B6DEC443-CB6E-4B73-A9F0-6ACA252687BA}.Release|Any CPU.ActiveCfg = Release|Any CPU
		{B6DEC443-CB6E-4B73-A9F0-6ACA252687BA}.Release|Any CPU.Build.0 = Release|Any CPU
	EndGlobalSection
	GlobalSection(SolutionProperties) = preSolution
		HideSolutionNode = FALSE
	EndGlobalSection
EndGlobal
